// !$*UTF8*$!
{
	archiveVersion = 1;
	classes = {
	};
	objectVersion = 46;
	objects = {

/* Begin PBXBuildFile section */
		56E949D61CB2792C00444238 /* AppDelegate.swift in Sources */ = {isa = PBXBuildFile; fileRef = 56E949D51CB2792C00444238 /* AppDelegate.swift */; };
		56E949D81CB2792C00444238 /* ViewController.swift in Sources */ = {isa = PBXBuildFile; fileRef = 56E949D71CB2792C00444238 /* ViewController.swift */; };
		56E949DB1CB2792D00444238 /* Main.storyboard in Resources */ = {isa = PBXBuildFile; fileRef = 56E949D91CB2792C00444238 /* Main.storyboard */; };
		56E949DD1CB2792D00444238 /* Assets.xcassets in Resources */ = {isa = PBXBuildFile; fileRef = 56E949DC1CB2792D00444238 /* Assets.xcassets */; };
		56E949E01CB2792D00444238 /* LaunchScreen.storyboard in Resources */ = {isa = PBXBuildFile; fileRef = 56E949DE1CB2792D00444238 /* LaunchScreen.storyboard */; };
		56E949EB1CB2792D00444238 /* testTests.swift in Sources */ = {isa = PBXBuildFile; fileRef = 56E949EA1CB2792D00444238 /* testTests.swift */; };
		56E949F61CB2792D00444238 /* testUITests.swift in Sources */ = {isa = PBXBuildFile; fileRef = 56E949F51CB2792D00444238 /* testUITests.swift */; };
/* End PBXBuildFile section */

/* Begin PBXContainerItemProxy section */
		56E949E71CB2792D00444238 /* PBXContainerItemProxy */ = {
			isa = PBXContainerItemProxy;
			containerPortal = 56E949CA1CB2792C00444238 /* Project object */;
			proxyType = 1;
			remoteGlobalIDString = 56E949D11CB2792C00444238;
			remoteInfo = test;
		};
		56E949F21CB2792D00444238 /* PBXContainerItemProxy */ = {
			isa = PBXContainerItemProxy;
			containerPortal = 56E949CA1CB2792C00444238 /* Project object */;
			proxyType = 1;
			remoteGlobalIDString = 56E949D11CB2792C00444238;
			remoteInfo = test;
		};
/* End PBXContainerItemProxy section */

/* Begin PBXFileReference section */
		56E949D21CB2792C00444238 /* test.app */ = {isa = PBXFileReference; explicitFileType = wrapper.application; includeInIndex = 0; path = test.app; sourceTree = BUILT_PRODUCTS_DIR; };
		56E949D51CB2792C00444238 /* AppDelegate.swift */ = {isa = PBXFileReference; lastKnownFileType = sourcecode.swift; path = AppDelegate.swift; sourceTree = "<group>"; };
		56E949D71CB2792C00444238 /* ViewController.swift */ = {isa = PBXFileReference; lastKnownFileType = sourcecode.swift; path = ViewController.swift; sourceTree = "<group>"; };
		56E949DA1CB2792C00444238 /* Base */ = {isa = PBXFileReference; lastKnownFileType = file.storyboard; name = Base; path = Base.lproj/Main.storyboard; sourceTree = "<group>"; };
		56E949DC1CB2792D00444238 /* Assets.xcassets */ = {isa = PBXFileReference; lastKnownFileType = folder.assetcatalog; path = Assets.xcassets; sourceTree = "<group>"; };
		56E949DF1CB2792D00444238 /* Base */ = {isa = PBXFileReference; lastKnownFileType = file.storyboard; name = Base; path = Base.lproj/LaunchScreen.storyboard; sourceTree = "<group>"; };
		56E949E11CB2792D00444238 /* Info.plist */ = {isa = PBXFileReference; lastKnownFileType = text.plist.xml; path = Info.plist; sourceTree = "<group>"; };
		56E949E61CB2792D00444238 /* testTests.xctest */ = {isa = PBXFileReference; explicitFileType = wrapper.cfbundle; includeInIndex = 0; path = testTests.xctest; sourceTree = BUILT_PRODUCTS_DIR; };
		56E949EA1CB2792D00444238 /* testTests.swift */ = {isa = PBXFileReference; lastKnownFileType = sourcecode.swift; path = testTests.swift; sourceTree = "<group>"; };
		56E949EC1CB2792D00444238 /* Info.plist */ = {isa = PBXFileReference; lastKnownFileType = text.plist.xml; path = Info.plist; sourceTree = "<group>"; };
		56E949F11CB2792D00444238 /* testUITests.xctest */ = {isa = PBXFileReference; explicitFileType = wrapper.cfbundle; includeInIndex = 0; path = testUITests.xctest; sourceTree = BUILT_PRODUCTS_DIR; };
		56E949F51CB2792D00444238 /* testUITests.swift */ = {isa = PBXFileReference; lastKnownFileType = sourcecode.swift; path = testUITests.swift; sourceTree = "<group>"; };
		56E949F71CB2792D00444238 /* Info.plist */ = {isa = PBXFileReference; lastKnownFileType = text.plist.xml; path = Info.plist; sourceTree = "<group>"; };
/* End PBXFileReference section */

/* Begin PBXFrameworksBuildPhase section */
		56E949CF1CB2792C00444238 /* Frameworks */ = {
			isa = PBXFrameworksBuildPhase;
			buildActionMask = 2147483647;
			files = (
			);
			runOnlyForDeploymentPostprocessing = 0;
		};
		56E949E31CB2792D00444238 /* Frameworks */ = {
			isa = PBXFrameworksBuildPhase;
			buildActionMask = 2147483647;
			files = (
			);
			runOnlyForDeploymentPostprocessing = 0;
		};
		56E949EE1CB2792D00444238 /* Frameworks */ = {
			isa = PBXFrameworksBuildPhase;
			buildActionMask = 2147483647;
			files = (
			);
			runOnlyForDeploymentPostprocessing = 0;
		};
/* End PBXFrameworksBuildPhase section */

/* Begin PBXGroup section */
		56E949C91CB2792C00444238 = {
			isa = PBXGroup;
			children = (
				56E949D41CB2792C00444238 /* test */,
				56E949E91CB2792D00444238 /* testTests */,
				56E949F41CB2792D00444238 /* testUITests */,
				56E949D31CB2792C00444238 /* Products */,
			);
			sourceTree = "<group>";
		};
		56E949D31CB2792C00444238 /* Products */ = {
			isa = PBXGroup;
			children = (
				56E949D21CB2792C00444238 /* test.app */,
				56E949E61CB2792D00444238 /* testTests.xctest */,
				56E949F11CB2792D00444238 /* testUITests.xctest */,
			);
			name = Products;
			sourceTree = "<group>";
		};
		56E949D41CB2792C00444238 /* test */ = {
			isa = PBXGroup;
			children = (
				56E949D51CB2792C00444238 /* AppDelegate.swift */,
				56E949D71CB2792C00444238 /* ViewController.swift */,
				56E949D91CB2792C00444238 /* Main.storyboard */,
				56E949DC1CB2792D00444238 /* Assets.xcassets */,
				56E949DE1CB2792D00444238 /* LaunchScreen.storyboard */,
				56E949E11CB2792D00444238 /* Info.plist */,
			);
			path = test;
			sourceTree = "<group>";
		};
		56E949E91CB2792D00444238 /* testTests */ = {
			isa = PBXGroup;
			children = (
				56E949EA1CB2792D00444238 /* testTests.swift */,
				56E949EC1CB2792D00444238 /* Info.plist */,
			);
			path = testTests;
			sourceTree = "<group>";
		};
		56E949F41CB2792D00444238 /* testUITests */ = {
			isa = PBXGroup;
			children = (
				56E949F51CB2792D00444238 /* testUITests.swift */,
				56E949F71CB2792D00444238 /* Info.plist */,
			);
			path = testUITests;
			sourceTree = "<group>";
		};
/* End PBXGroup section */

/* Begin PBXNativeTarget section */
		56E949D11CB2792C00444238 /* test */ = {
			isa = PBXNativeTarget;
			buildConfigurationList = 56E949FA1CB2792D00444238 /* Build configuration list for PBXNativeTarget "test" */;
			buildPhases = (
				56E949CE1CB2792C00444238 /* Sources */,
				56E949CF1CB2792C00444238 /* Frameworks */,
				56E949D01CB2792C00444238 /* Resources */,
			);
			buildRules = (
			);
			dependencies = (
			);
			name = test;
			productName = test;
			productReference = 56E949D21CB2792C00444238 /* test.app */;
			productType = "com.apple.product-type.application";
		};
		56E949E51CB2792D00444238 /* testTests */ = {
			isa = PBXNativeTarget;
			buildConfigurationList = 56E949FD1CB2792D00444238 /* Build configuration list for PBXNativeTarget "testTests" */;
			buildPhases = (
				56E949E21CB2792D00444238 /* Sources */,
				56E949E31CB2792D00444238 /* Frameworks */,
				56E949E41CB2792D00444238 /* Resources */,
			);
			buildRules = (
			);
			dependencies = (
				56E949E81CB2792D00444238 /* PBXTargetDependency */,
			);
			name = testTests;
			productName = testTests;
			productReference = 56E949E61CB2792D00444238 /* testTests.xctest */;
			productType = "com.apple.product-type.bundle.unit-test";
		};
		56E949F01CB2792D00444238 /* testUITests */ = {
			isa = PBXNativeTarget;
			buildConfigurationList = 56E94A001CB2792D00444238 /* Build configuration list for PBXNativeTarget "testUITests" */;
			buildPhases = (
				56E949ED1CB2792D00444238 /* Sources */,
				56E949EE1CB2792D00444238 /* Frameworks */,
				56E949EF1CB2792D00444238 /* Resources */,
			);
			buildRules = (
			);
			dependencies = (
				56E949F31CB2792D00444238 /* PBXTargetDependency */,
			);
			name = testUITests;
			productName = testUITests;
			productReference = 56E949F11CB2792D00444238 /* testUITests.xctest */;
			productType = "com.apple.product-type.bundle.ui-testing";
		};
/* End PBXNativeTarget section */

/* Begin PBXProject section */
		56E949CA1CB2792C00444238 /* Project object */ = {
			isa = PBXProject;
			attributes = {
				LastSwiftUpdateCheck = 0720;
				LastUpgradeCheck = 0720;
				ORGANIZATIONNAME = "Cheuk Yin Yim";
				TargetAttributes = {
					56E949D11CB2792C00444238 = {
						CreatedOnToolsVersion = 7.2.1;
					};
					56E949E51CB2792D00444238 = {
						CreatedOnToolsVersion = 7.2.1;
						TestTargetID = 56E949D11CB2792C00444238;
					};
					56E949F01CB2792D00444238 = {
						CreatedOnToolsVersion = 7.2.1;
						TestTargetID = 56E949D11CB2792C00444238;
					};
				};
			};
			buildConfigurationList = 56E949CD1CB2792C00444238 /* Build configuration list for PBXProject "test" */;
			compatibilityVersion = "Xcode 3.2";
			developmentRegion = English;
			hasScannedForEncodings = 0;
			knownRegions = (
				en,
				Base,
			);
			mainGroup = 56E949C91CB2792C00444238;
			productRefGroup = 56E949D31CB2792C00444238 /* Products */;
			projectDirPath = "";
			projectRoot = "";
			targets = (
				56E949D11CB2792C00444238 /* test */,
				56E949E51CB2792D00444238 /* testTests */,
				56E949F01CB2792D00444238 /* testUITests */,
			);
		};
/* End PBXProject section */

/* Begin PBXResourcesBuildPhase section */
		56E949D01CB2792C00444238 /* Resources */ = {
			isa = PBXResourcesBuildPhase;
			buildActionMask = 2147483647;
			files = (
				56E949E01CB2792D00444238 /* LaunchScreen.storyboard in Resources */,
				56E949DD1CB2792D00444238 /* Assets.xcassets in Resources */,
				56E949DB1CB2792D00444238 /* Main.storyboard in Resources */,
			);
			runOnlyForDeploymentPostprocessing = 0;
		};
		56E949E41CB2792D00444238 /* Resources */ = {
			isa = PBXResourcesBuildPhase;
			buildActionMask = 2147483647;
			files = (
			);
			runOnlyForDeploymentPostprocessing = 0;
		};
		56E949EF1CB2792D00444238 /* Resources */ = {
			isa = PBXResourcesBuildPhase;
			buildActionMask = 2147483647;
			files = (
			);
			runOnlyForDeploymentPostprocessing = 0;
		};
/* End PBXResourcesBuildPhase section */

/* Begin PBXSourcesBuildPhase section */
		56E949CE1CB2792C00444238 /* Sources */ = {
			isa = PBXSourcesBuildPhase;
			buildActionMask = 2147483647;
			files = (
				56E949D81CB2792C00444238 /* ViewController.swift in Sources */,
				56E949D61CB2792C00444238 /* AppDelegate.swift in Sources */,
			);
			runOnlyForDeploymentPostprocessing = 0;
		};
		56E949E21CB2792D00444238 /* Sources */ = {
			isa = PBXSourcesBuildPhase;
			buildActionMask = 2147483647;
			files = (
				56E949EB1CB2792D00444238 /* testTests.swift in Sources */,
			);
			runOnlyForDeploymentPostprocessing = 0;
		};
		56E949ED1CB2792D00444238 /* Sources */ = {
			isa = PBXSourcesBuildPhase;
			buildActionMask = 2147483647;
			files = (
				56E949F61CB2792D00444238 /* testUITests.swift in Sources */,
			);
			runOnlyForDeploymentPostprocessing = 0;
		};
/* End PBXSourcesBuildPhase section */

/* Begin PBXTargetDependency section */
		56E949E81CB2792D00444238 /* PBXTargetDependency */ = {
			isa = PBXTargetDependency;
			target = 56E949D11CB2792C00444238 /* test */;
			targetProxy = 56E949E71CB2792D00444238 /* PBXContainerItemProxy */;
		};
		56E949F31CB2792D00444238 /* PBXTargetDependency */ = {
			isa = PBXTargetDependency;
			target = 56E949D11CB2792C00444238 /* test */;
			targetProxy = 56E949F21CB2792D00444238 /* PBXContainerItemProxy */;
		};
/* End PBXTargetDependency section */

/* Begin PBXVariantGroup section */
		56E949D91CB2792C00444238 /* Main.storyboard */ = {
			isa = PBXVariantGroup;
			children = (
				56E949DA1CB2792C00444238 /* Base */,
			);
			name = Main.storyboard;
			sourceTree = "<group>";
		};
		56E949DE1CB2792D00444238 /* LaunchScreen.storyboard */ = {
			isa = PBXVariantGroup;
			children = (
				56E949DF1CB2792D00444238 /* Base */,
			);
			name = LaunchScreen.storyboard;
			sourceTree = "<group>";
		};
/* End PBXVariantGroup section */

/* Begin XCBuildConfiguration section */
		56E949F81CB2792D00444238 /* Debug */ = {
			isa = XCBuildConfiguration;
			buildSettings = {
				ALWAYS_SEARCH_USER_PATHS = NO;
				CLANG_CXX_LANGUAGE_STANDARD = "gnu++0x";
				CLANG_CXX_LIBRARY = "libc++";
				CLANG_ENABLE_MODULES = YES;
				CLANG_ENABLE_OBJC_ARC = YES;
				CLANG_WARN_BOOL_CONVERSION = YES;
				CLANG_WARN_CONSTANT_CONVERSION = YES;
				CLANG_WARN_DIRECT_OBJC_ISA_USAGE = YES_ERROR;
				CLANG_WARN_EMPTY_BODY = YES;
				CLANG_WARN_ENUM_CONVERSION = YES;
				CLANG_WARN_INT_CONVERSION = YES;
				CLANG_WARN_OBJC_ROOT_CLASS = YES_ERROR;
				CLANG_WARN_UNREACHABLE_CODE = YES;
				CLANG_WARN__DUPLICATE_METHOD_MATCH = YES;
				"CODE_SIGN_IDENTITY[sdk=iphoneos*]" = "iPhone Developer";
				COPY_PHASE_STRIP = NO;
				DEBUG_INFORMATION_FORMAT = dwarf;
				ENABLE_STRICT_OBJC_MSGSEND = YES;
				ENABLE_TESTABILITY = YES;
				GCC_C_LANGUAGE_STANDARD = gnu99;
				GCC_DYNAMIC_NO_PIC = NO;
				GCC_NO_COMMON_BLOCKS = YES;
				GCC_OPTIMIZATION_LEVEL = 0;
				GCC_PREPROCESSOR_DEFINITIONS = (
					"DEBUG=1",
					"$(inherited)",
				);
				GCC_WARN_64_TO_32_BIT_CONVERSION = YES;
				GCC_WARN_ABOUT_RETURN_TYPE = YES_ERROR;
				GCC_WARN_UNDECLARED_SELECTOR = YES;
				GCC_WARN_UNINITIALIZED_AUTOS = YES_AGGRESSIVE;
				GCC_WARN_UNUSED_FUNCTION = YES;
				GCC_WARN_UNUSED_VARIABLE = YES;
				IPHONEOS_DEPLOYMENT_TARGET = 9.2;
				MTL_ENABLE_DEBUG_INFO = YES;
				ONLY_ACTIVE_ARCH = YES;
				SDKROOT = iphoneos;
				SWIFT_OPTIMIZATION_LEVEL = "-Onone";
				TARGETED_DEVICE_FAMILY = "1,2";
			};
			name = Debug;
		};
		56E949F91CB2792D00444238 /* Release */ = {
			isa = XCBuildConfiguration;
			buildSettings = {
				ALWAYS_SEARCH_USER_PATHS = NO;
				CLANG_CXX_LANGUAGE_STANDARD = "gnu++0x";
				CLANG_CXX_LIBRARY = "libc++";
				CLANG_ENABLE_MODULES = YES;
				CLANG_ENABLE_OBJC_ARC = YES;
				CLANG_WARN_BOOL_CONVERSION = YES;
				CLANG_WARN_CONSTANT_CONVERSION = YES;
				CLANG_WARN_DIRECT_OBJC_ISA_USAGE = YES_ERROR;
				CLANG_WARN_EMPTY_BODY = YES;
				CLANG_WARN_ENUM_CONVERSION = YES;
				CLANG_WARN_INT_CONVERSION = YES;
				CLANG_WARN_OBJC_ROOT_CLASS = YES_ERROR;
				CLANG_WARN_UNREACHABLE_CODE = YES;
				CLANG_WARN__DUPLICATE_METHOD_MATCH = YES;
				"CODE_SIGN_IDENTITY[sdk=iphoneos*]" = "iPhone Developer";
				COPY_PHASE_STRIP = NO;
				DEBUG_INFORMATION_FORMAT = "dwarf-with-dsym";
				ENABLE_NS_ASSERTIONS = NO;
				ENABLE_STRICT_OBJC_MSGSEND = YES;
				GCC_C_LANGUAGE_STANDARD = gnu99;
				GCC_NO_COMMON_BLOCKS = YES;
				GCC_WARN_64_TO_32_BIT_CONVERSION = YES;
				GCC_WARN_ABOUT_RETURN_TYPE = YES_ERROR;
				GCC_WARN_UNDECLARED_SELECTOR = YES;
				GCC_WARN_UNINITIALIZED_AUTOS = YES_AGGRESSIVE;
				GCC_WARN_UNUSED_FUNCTION = YES;
				GCC_WARN_UNUSED_VARIABLE = YES;
				IPHONEOS_DEPLOYMENT_TARGET = 9.2;
				MTL_ENABLE_DEBUG_INFO = NO;
				SDKROOT = iphoneos;
				TARGETED_DEVICE_FAMILY = "1,2";
				VALIDATE_PRODUCT = YES;
			};
			name = Release;
		};
		56E949FB1CB2792D00444238 /* Debug */ = {
			isa = XCBuildConfiguration;
			buildSettings = {
				ASSETCATALOG_COMPILER_APPICON_NAME = AppIcon;
				INFOPLIST_FILE = test/Info.plist;
				LD_RUNPATH_SEARCH_PATHS = "$(inherited) @executable_path/Frameworks";
				PRODUCT_BUNDLE_IDENTIFIER = cyy.test;
				PRODUCT_NAME = "$(TARGET_NAME)";
			};
			name = Debug;
		};
		56E949FC1CB2792D00444238 /* Release */ = {
			isa = XCBuildConfiguration;
			buildSettings = {
				ASSETCATALOG_COMPILER_APPICON_NAME = AppIcon;
				INFOPLIST_FILE = test/Info.plist;
				LD_RUNPATH_SEARCH_PATHS = "$(inherited) @executable_path/Frameworks";
				PRODUCT_BUNDLE_IDENTIFIER = cyy.test;
				PRODUCT_NAME = "$(TARGET_NAME)";
			};
			name = Release;
		};
		56E949FE1CB2792D00444238 /* Debug */ = {
			isa = XCBuildConfiguration;
			buildSettings = {
				BUNDLE_LOADER = "$(TEST_HOST)";
				INFOPLIST_FILE = testTests/Info.plist;
				LD_RUNPATH_SEARCH_PATHS = "$(inherited) @executable_path/Frameworks @loader_path/Frameworks";
				PRODUCT_BUNDLE_IDENTIFIER = cyy.testTests;
				PRODUCT_NAME = "$(TARGET_NAME)";
				TEST_HOST = "$(BUILT_PRODUCTS_DIR)/test.app/test";
			};
			name = Debug;
		};
		56E949FF1CB2792D00444238 /* Release */ = {
			isa = XCBuildConfiguration;
			buildSettings = {
				BUNDLE_LOADER = "$(TEST_HOST)";
				INFOPLIST_FILE = testTests/Info.plist;
				LD_RUNPATH_SEARCH_PATHS = "$(inherited) @executable_path/Frameworks @loader_path/Frameworks";
				PRODUCT_BUNDLE_IDENTIFIER = cyy.testTests;
				PRODUCT_NAME = "$(TARGET_NAME)";
				TEST_HOST = "$(BUILT_PRODUCTS_DIR)/test.app/test";
			};
			name = Release;
		};
		56E94A011CB2792D00444238 /* Debug */ = {
			isa = XCBuildConfiguration;
			buildSettings = {
				INFOPLIST_FILE = testUITests/Info.plist;
				LD_RUNPATH_SEARCH_PATHS = "$(inherited) @executable_path/Frameworks @loader_path/Frameworks";
				PRODUCT_BUNDLE_IDENTIFIER = cyy.testUITests;
				PRODUCT_NAME = "$(TARGET_NAME)";
				TEST_TARGET_NAME = test;
				USES_XCTRUNNER = YES;
			};
			name = Debug;
		};
		56E94A021CB2792D00444238 /* Release */ = {
			isa = XCBuildConfiguration;
			buildSettings = {
				INFOPLIST_FILE = testUITests/Info.plist;
				LD_RUNPATH_SEARCH_PATHS = "$(inherited) @executable_path/Frameworks @loader_path/Frameworks";
				PRODUCT_BUNDLE_IDENTIFIER = cyy.testUITests;
				PRODUCT_NAME = "$(TARGET_NAME)";
				TEST_TARGET_NAME = test;
				USES_XCTRUNNER = YES;
			};
			name = Release;
		};
/* End XCBuildConfiguration section */

/* Begin XCConfigurationList section */
		56E949CD1CB2792C00444238 /* Build configuration list for PBXProject "test" */ = {
			isa = XCConfigurationList;
			buildConfigurations = (
				56E949F81CB2792D00444238 /* Debug */,
				56E949F91CB2792D00444238 /* Release */,
			);
			defaultConfigurationIsVisible = 0;
			defaultConfigurationName = Release;
		};
		56E949FA1CB2792D00444238 /* Build configuration list for PBXNativeTarget "test" */ = {
			isa = XCConfigurationList;
			buildConfigurations = (
				56E949FB1CB2792D00444238 /* Debug */,
				56E949FC1CB2792D00444238 /* Release */,
			);
			defaultConfigurationIsVisible = 0;
		};
		56E949FD1CB2792D00444238 /* Build configuration list for PBXNativeTarget "testTests" */ = {
			isa = XCConfigurationList;
			buildConfigurations = (
				56E949FE1CB2792D00444238 /* Debug */,
				56E949FF1CB2792D00444238 /* Release */,
			);
			defaultConfigurationIsVisible = 0;
		};
		56E94A001CB2792D00444238 /* Build configuration list for PBXNativeTarget "testUITests" */ = {
			isa = XCConfigurationList;
			buildConfigurations = (
				56E94A011CB2792D00444238 /* Debug */,
				56E94A021CB2792D00444238 /* Release */,
			);
			defaultConfigurationIsVisible = 0;
		};
/* End XCConfigurationList section */
	};
	rootObject = 56E949CA1CB2792C00444238 /* Project object */;
}
